
Microsoft Visual Studio Solution File, Format Version 12.00
# Visual Studio Version 17
VisualStudioVersion = 17.14.36623.8 d17.14
MinimumVisualStudioVersion = 10.0.40219.1
Project("{FAE04EC0-301F-11D3-BF4B-00C04F79EFBC}") = "Clicker", "Clicker\Clicker.csproj", "{91C624C1-3BDA-4009-A715-CE0E65188A81}"
EndProject
Global
	GlobalSection(SolutionConfigurationPlatforms) = preSolution
		Debug|Any CPU = Debug|Any CPU
		Release|Any CPU = Release|Any CPU
	EndGlobalSection
	GlobalSection(ProjectConfigurationPlatforms) = postSolution
		{91C624C1-3BDA-4009-A715-CE0E65188A81}.Debug|Any CPU.ActiveCfg = Debug|Any CPU
		{91C624C1-3BDA-4009-A715-CE0E65188A81}.Debug|Any CPU.Build.0 = Debug|Any CPU
		{91C624C1-3BDA-4009-A715-CE0E65188A81}.Release|Any CPU.ActiveCfg = Release|Any CPU
		{91C624C1-3BDA-4009-A715-CE0E65188A81}.Release|Any CPU.Build.0 = Release|Any CPU
	EndGlobalSection
	GlobalSection(SolutionProperties) = preSolution
		HideSolutionNode = FALSE
	EndGlobalSection
	GlobalSection(ExtensibilityGlobals) = postSolution
		SolutionGuid = {05AAE6BE-532C-4426-A3F6-80A8680B6F50}
	EndGlobalSection
EndGlobal
